{
  "originHash" : "c6fd85977de732b9e8e49b41211ee981d478ac7659b84800548d408f17c56fab",
  "pins" : [
    {
      "identity" : "swift-argument-parser",
      "kind" : "remoteSourceControl",
      "location" : "https://github.com/apple/swift-argument-parser",
      "state" : {
        "revision" : "6a52f3251125d74daf04fcbd5e6f08a75d074382",
        "version" : "1.8.2"
      }
    },
    {
      "identity" : "swift-collections",
      "kind" : "remoteSourceControl",
      "location" : "https://github.com/apple/swift-collections.git",
      "state" : {
        "revision" : "c11818f3cae0780656baa430b49e7f163f08dffd",
        "version" : "1.1.6"
      }
    }
  ],
  "version" : 3
}